
Microsoft Visual Studio Solution File, Format Version 12.00
# Visual Studio 2012
Project("{FAE04EC0-301F-11D3-BF4B-00C04F79EFBC}") = "GroundStation2017", "GroundStation2017\GroundStation2017.csproj", "{224EDD4E-0AC6-4A16-A2C4-739385804E41}"
EndProject
Global
	GlobalSection(SolutionConfigurationPlatforms) = preSolution
		Debug|x86 = Debug|x86
		Release|x86 = Release|x86
	EndGlobalSection
	GlobalSection(ProjectConfigurationPlatforms) = postSolution
		{224EDD4E-0AC6-4A16-A2C4-739385804E41}.Debug|x86.ActiveCfg = Debug|x86
		{224EDD4E-0AC6-4A16-A2C4-739385804E41}.Debug|x86.Build.0 = Debug|x86
		{224EDD4E-0AC6-4A16-A2C4-739385804E41}.Release|x86.ActiveCfg = Release|x86
		{224EDD4E-0AC6-4A16-A2C4-739385804E41}.Release|x86.Build.0 = Release|x86
	EndGlobalSection
EndGlobal
